// !$*UTF8*$!
{
	archiveVersion = 1;
	classes = {
	};
	objectVersion = 56;
	objects = {

/* Begin PBXBuildFile section */
		FB29BC752BD534A300C391DB /* LocationsCell.swift in Sources */ = {isa = PBXBuildFile; fileRef = FB29BC742BD534A300C391DB /* LocationsCell.swift */; };
		FB29BC782BD53B9700C391DB /* LocationCellViewModel.swift in Sources */ = {isa = PBXBuildFile; fileRef = FB29BC772BD53B9700C391DB /* LocationCellViewModel.swift */; };
		FB29BC7B2BD568DF00C391DB /* WeatherCell.swift in Sources */ = {isa = PBXBuildFile; fileRef = FB29BC7A2BD568DF00C391DB /* WeatherCell.swift */; };
		FB29BC7D2BD5694000C391DB /* WeatherCellViewModel.swift in Sources */ = {isa = PBXBuildFile; fileRef = FB29BC7C2BD5694000C391DB /* WeatherCellViewModel.swift */; };
		FB29BC7F2BD56B7200C391DB /* String.swift in Sources */ = {isa = PBXBuildFile; fileRef = FB29BC7E2BD56B7200C391DB /* String.swift */; };
		FB96A5112BCF21EB00439CD4 /* AppDelegate.swift in Sources */ = {isa = PBXBuildFile; fileRef = FB96A5102BCF21EB00439CD4 /* AppDelegate.swift */; };
		FB96A5132BCF21EB00439CD4 /* SceneDelegate.swift in Sources */ = {isa = PBXBuildFile; fileRef = FB96A5122BCF21EB00439CD4 /* SceneDelegate.swift */; };
		FB96A5152BCF21EB00439CD4 /* LocationsView.swift in Sources */ = {isa = PBXBuildFile; fileRef = FB96A5142BCF21EB00439CD4 /* LocationsView.swift */; };
		FB96A51B2BCF21EB00439CD4 /* Pluvia.xcdatamodeld in Sources */ = {isa = PBXBuildFile; fileRef = FB96A5192BCF21EB00439CD4 /* Pluvia.xcdatamodeld */; };
		FB96A51D2BCF21EC00439CD4 /* Assets.xcassets in Resources */ = {isa = PBXBuildFile; fileRef = FB96A51C2BCF21EC00439CD4 /* Assets.xcassets */; };
		FB96A5202BCF21EC00439CD4 /* LaunchScreen.storyboard in Resources */ = {isa = PBXBuildFile; fileRef = FB96A51E2BCF21EC00439CD4 /* LaunchScreen.storyboard */; };
		FB96A52C2BCF22BB00439CD4 /* Constraints.swift in Sources */ = {isa = PBXBuildFile; fileRef = FB96A52B2BCF22BB00439CD4 /* Constraints.swift */; };
		FB96A52E2BCF22C000439CD4 /* Table.swift in Sources */ = {isa = PBXBuildFile; fileRef = FB96A52D2BCF22C000439CD4 /* Table.swift */; };
		FB96A5302BCF22C800439CD4 /* Collection.swift in Sources */ = {isa = PBXBuildFile; fileRef = FB96A52F2BCF22C800439CD4 /* Collection.swift */; };
		FB96A5322BCF22FE00439CD4 /* Publishers.swift in Sources */ = {isa = PBXBuildFile; fileRef = FB96A5312BCF22FE00439CD4 /* Publishers.swift */; };
		FB96A5342BCF231200439CD4 /* Layout.swift in Sources */ = {isa = PBXBuildFile; fileRef = FB96A5332BCF231200439CD4 /* Layout.swift */; };
		FB96A5382BCF235300439CD4 /* APIError.swift in Sources */ = {isa = PBXBuildFile; fileRef = FB96A5372BCF235300439CD4 /* APIError.swift */; };
		FB96A53A2BCF235B00439CD4 /* Endpoint.swift in Sources */ = {isa = PBXBuildFile; fileRef = FB96A5392BCF235B00439CD4 /* Endpoint.swift */; };
		FB96A53C2BCF236400439CD4 /* HTTPMethod.swift in Sources */ = {isa = PBXBuildFile; fileRef = FB96A53B2BCF236400439CD4 /* HTTPMethod.swift */; };
		FB96A53E2BCF239700439CD4 /* APIService.swift in Sources */ = {isa = PBXBuildFile; fileRef = FB96A53D2BCF239700439CD4 /* APIService.swift */; };
		FB96A5402BCF23A800439CD4 /* APIClient.swift in Sources */ = {isa = PBXBuildFile; fileRef = FB96A53F2BCF23A800439CD4 /* APIClient.swift */; };
		FB96A5432BCF23C700439CD4 /* Weather.swift in Sources */ = {isa = PBXBuildFile; fileRef = FB96A5422BCF23C700439CD4 /* Weather.swift */; };
		FB96A5452BCF23DD00439CD4 /* Coordinates.swift in Sources */ = {isa = PBXBuildFile; fileRef = FB96A5442BCF23DD00439CD4 /* Coordinates.swift */; };
		FB96A5472BCF242300439CD4 /* LocationsViewModel.swift in Sources */ = {isa = PBXBuildFile; fileRef = FB96A5462BCF242300439CD4 /* LocationsViewModel.swift */; };
		FB96A54A2BCF247100439CD4 /* WeatherView.swift in Sources */ = {isa = PBXBuildFile; fileRef = FB96A5492BCF247100439CD4 /* WeatherView.swift */; };
		FB96A54C2BCF248600439CD4 /* WeatherViewModel.swift in Sources */ = {isa = PBXBuildFile; fileRef = FB96A54B2BCF248600439CD4 /* WeatherViewModel.swift */; };
		FB96A5502BCF255600439CD4 /* Formatted.swift in Sources */ = {isa = PBXBuildFile; fileRef = FB96A54F2BCF255600439CD4 /* Formatted.swift */; };
		FBA19DC12BDD879C0096A08A /* GenericTableController.swift in Sources */ = {isa = PBXBuildFile; fileRef = FBA19DC02BDD879C0096A08A /* GenericTableController.swift */; };
		FBAFB9C92BD6559A00B49D02 /* Colors.swift in Sources */ = {isa = PBXBuildFile; fileRef = FBAFB9C82BD6559A00B49D02 /* Colors.swift */; };
		FBAFB9CB2BD677EB00B49D02 /* CoreDataManager.swift in Sources */ = {isa = PBXBuildFile; fileRef = FBAFB9CA2BD677EB00B49D02 /* CoreDataManager.swift */; };
		FBAFB9CE2BD6780500B49D02 /* CititesRepository.swift in Sources */ = {isa = PBXBuildFile; fileRef = FBAFB9CD2BD6780500B49D02 /* CititesRepository.swift */; };
		FBAFB9D02BD67B8900B49D02 /* BarController.swift in Sources */ = {isa = PBXBuildFile; fileRef = FBAFB9CF2BD67B8900B49D02 /* BarController.swift */; };
		FBAFB9D42BD68FF900B49D02 /* CDCity+CoreDataClass.swift in Sources */ = {isa = PBXBuildFile; fileRef = FBAFB9D22BD68FF900B49D02 /* CDCity+CoreDataClass.swift */; };
		FBAFB9D52BD68FF900B49D02 /* CDCity+CoreDataProperties.swift in Sources */ = {isa = PBXBuildFile; fileRef = FBAFB9D32BD68FF900B49D02 /* CDCity+CoreDataProperties.swift */; };
		FBC0932A2BD0319C00C8E4FA /* FavoritesView.swift in Sources */ = {isa = PBXBuildFile; fileRef = FBC093292BD0319C00C8E4FA /* FavoritesView.swift */; };
		FBC0932C2BD031A600C8E4FA /* FavoritesViewModel.swift in Sources */ = {isa = PBXBuildFile; fileRef = FBC0932B2BD031A600C8E4FA /* FavoritesViewModel.swift */; };
/* End PBXBuildFile section */

/* Begin PBXFileReference section */
		FB29BC742BD534A300C391DB /* LocationsCell.swift */ = {isa = PBXFileReference; lastKnownFileType = sourcecode.swift; path = LocationsCell.swift; sourceTree = "<group>"; };
		FB29BC772BD53B9700C391DB /* LocationCellViewModel.swift */ = {isa = PBXFileReference; lastKnownFileType = sourcecode.swift; path = LocationCellViewModel.swift; sourceTree = "<group>"; };
		FB29BC7A2BD568DF00C391DB /* WeatherCell.swift */ = {isa = PBXFileReference; lastKnownFileType = sourcecode.swift; path = WeatherCell.swift; sourceTree = "<group>"; };
		FB29BC7C2BD5694000C391DB /* WeatherCellViewModel.swift */ = {isa = PBXFileReference; lastKnownFileType = sourcecode.swift; path = WeatherCellViewModel.swift; sourceTree = "<group>"; };
		FB29BC7E2BD56B7200C391DB /* String.swift */ = {isa = PBXFileReference; lastKnownFileType = sourcecode.swift; path = String.swift; sourceTree = "<group>"; };
		FB96A50D2BCF21EB00439CD4 /* Pluvia.app */ = {isa = PBXFileReference; explicitFileType = wrapper.application; includeInIndex = 0; path = Pluvia.app; sourceTree = BUILT_PRODUCTS_DIR; };
		FB96A5102BCF21EB00439CD4 /* AppDelegate.swift */ = {isa = PBXFileReference; lastKnownFileType = sourcecode.swift; path = AppDelegate.swift; sourceTree = "<group>"; };
		FB96A5122BCF21EB00439CD4 /* SceneDelegate.swift */ = {isa = PBXFileReference; lastKnownFileType = sourcecode.swift; path = SceneDelegate.swift; sourceTree = "<group>"; };
		FB96A5142BCF21EB00439CD4 /* LocationsView.swift */ = {isa = PBXFileReference; lastKnownFileType = sourcecode.swift; path = LocationsView.swift; sourceTree = "<group>"; };
		FB96A51A2BCF21EB00439CD4 /* Pluvia.xcdatamodel */ = {isa = PBXFileReference; lastKnownFileType = wrapper.xcdatamodel; path = Pluvia.xcdatamodel; sourceTree = "<group>"; };
		FB96A51C2BCF21EC00439CD4 /* Assets.xcassets */ = {isa = PBXFileReference; lastKnownFileType = folder.assetcatalog; path = Assets.xcassets; sourceTree = "<group>"; };
		FB96A51F2BCF21EC00439CD4 /* Base */ = {isa = PBXFileReference; lastKnownFileType = file.storyboard; name = Base; path = Base.lproj/LaunchScreen.storyboard; sourceTree = "<group>"; };
		FB96A5212BCF21EC00439CD4 /* Info.plist */ = {isa = PBXFileReference; lastKnownFileType = text.plist.xml; path = Info.plist; sourceTree = "<group>"; };
		FB96A52B2BCF22BB00439CD4 /* Constraints.swift */ = {isa = PBXFileReference; lastKnownFileType = sourcecode.swift; path = Constraints.swift; sourceTree = "<group>"; };
		FB96A52D2BCF22C000439CD4 /* Table.swift */ = {isa = PBXFileReference; lastKnownFileType = sourcecode.swift; path = Table.swift; sourceTree = "<group>"; };
		FB96A52F2BCF22C800439CD4 /* Collection.swift */ = {isa = PBXFileReference; lastKnownFileType = sourcecode.swift; path = Collection.swift; sourceTree = "<group>"; };
		FB96A5312BCF22FE00439CD4 /* Publishers.swift */ = {isa = PBXFileReference; lastKnownFileType = sourcecode.swift; path = Publishers.swift; sourceTree = "<group>"; };
		FB96A5332BCF231200439CD4 /* Layout.swift */ = {isa = PBXFileReference; lastKnownFileType = sourcecode.swift; path = Layout.swift; sourceTree = "<group>"; };
		FB96A5372BCF235300439CD4 /* APIError.swift */ = {isa = PBXFileReference; lastKnownFileType = sourcecode.swift; path = APIError.swift; sourceTree = "<group>"; };
		FB96A5392BCF235B00439CD4 /* Endpoint.swift */ = {isa = PBXFileReference; lastKnownFileType = sourcecode.swift; path = Endpoint.swift; sourceTree = "<group>"; };
		FB96A53B2BCF236400439CD4 /* HTTPMethod.swift */ = {isa = PBXFileReference; lastKnownFileType = sourcecode.swift; path = HTTPMethod.swift; sourceTree = "<group>"; };
		FB96A53D2BCF239700439CD4 /* APIService.swift */ = {isa = PBXFileReference; lastKnownFileType = sourcecode.swift; path = APIService.swift; sourceTree = "<group>"; };
		FB96A53F2BCF23A800439CD4 /* APIClient.swift */ = {isa = PBXFileReference; lastKnownFileType = sourcecode.swift; path = APIClient.swift; sourceTree = "<group>"; };
		FB96A5422BCF23C700439CD4 /* Weather.swift */ = {isa = PBXFileReference; lastKnownFileType = sourcecode.swift; path = Weather.swift; sourceTree = "<group>"; };
		FB96A5442BCF23DD00439CD4 /* Coordinates.swift */ = {isa = PBXFileReference; lastKnownFileType = sourcecode.swift; path = Coordinates.swift; sourceTree = "<group>"; };
		FB96A5462BCF242300439CD4 /* LocationsViewModel.swift */ = {isa = PBXFileReference; lastKnownFileType = sourcecode.swift; path = LocationsViewModel.swift; sourceTree = "<group>"; };
		FB96A5492BCF247100439CD4 /* WeatherView.swift */ = {isa = PBXFileReference; lastKnownFileType = sourcecode.swift; path = WeatherView.swift; sourceTree = "<group>"; };
		FB96A54B2BCF248600439CD4 /* WeatherViewModel.swift */ = {isa = PBXFileReference; lastKnownFileType = sourcecode.swift; path = WeatherViewModel.swift; sourceTree = "<group>"; };
		FB96A54F2BCF255600439CD4 /* Formatted.swift */ = {isa = PBXFileReference; lastKnownFileType = sourcecode.swift; path = Formatted.swift; sourceTree = "<group>"; };
		FBA19DC02BDD879C0096A08A /* GenericTableController.swift */ = {isa = PBXFileReference; lastKnownFileType = sourcecode.swift; path = GenericTableController.swift; sourceTree = "<group>"; };
		FBAFB9C82BD6559A00B49D02 /* Colors.swift */ = {isa = PBXFileReference; lastKnownFileType = sourcecode.swift; path = Colors.swift; sourceTree = "<group>"; };
		FBAFB9CA2BD677EB00B49D02 /* CoreDataManager.swift */ = {isa = PBXFileReference; lastKnownFileType = sourcecode.swift; path = CoreDataManager.swift; sourceTree = "<group>"; };
		FBAFB9CD2BD6780500B49D02 /* CititesRepository.swift */ = {isa = PBXFileReference; lastKnownFileType = sourcecode.swift; path = CititesRepository.swift; sourceTree = "<group>"; };
		FBAFB9CF2BD67B8900B49D02 /* BarController.swift */ = {isa = PBXFileReference; lastKnownFileType = sourcecode.swift; path = BarController.swift; sourceTree = "<group>"; };
		FBAFB9D22BD68FF900B49D02 /* CDCity+CoreDataClass.swift */ = {isa = PBXFileReference; lastKnownFileType = sourcecode.swift; path = "CDCity+CoreDataClass.swift"; sourceTree = SOURCE_ROOT; };
		FBAFB9D32BD68FF900B49D02 /* CDCity+CoreDataProperties.swift */ = {isa = PBXFileReference; lastKnownFileType = sourcecode.swift; path = "CDCity+CoreDataProperties.swift"; sourceTree = SOURCE_ROOT; };
		FBC093292BD0319C00C8E4FA /* FavoritesView.swift */ = {isa = PBXFileReference; lastKnownFileType = sourcecode.swift; path = FavoritesView.swift; sourceTree = "<group>"; };
		FBC0932B2BD031A600C8E4FA /* FavoritesViewModel.swift */ = {isa = PBXFileReference; lastKnownFileType = sourcecode.swift; path = FavoritesViewModel.swift; sourceTree = "<group>"; };
/* End PBXFileReference section */

/* Begin PBXFrameworksBuildPhase section */
		FB96A50A2BCF21EB00439CD4 /* Frameworks */ = {
			isa = PBXFrameworksBuildPhase;
			buildActionMask = 2147483647;
			files = (
			);
			runOnlyForDeploymentPostprocessing = 0;
		};
/* End PBXFrameworksBuildPhase section */

/* Begin PBXGroup section */
		FB29BC762BD53B8A00C391DB /* Cell */ = {
			isa = PBXGroup;
			children = (
				FB29BC742BD534A300C391DB /* LocationsCell.swift */,
				FB29BC772BD53B9700C391DB /* LocationCellViewModel.swift */,
			);
			path = Cell;
			sourceTree = "<group>";
		};
		FB29BC792BD568CF00C391DB /* Cell */ = {
			isa = PBXGroup;
			children = (
				FB29BC7A2BD568DF00C391DB /* WeatherCell.swift */,
				FB29BC7C2BD5694000C391DB /* WeatherCellViewModel.swift */,
			);
			path = Cell;
			sourceTree = "<group>";
		};
		FB96A5042BCF21EB00439CD4 = {
			isa = PBXGroup;
			children = (
				FB96A50F2BCF21EB00439CD4 /* Pluvia */,
				FB96A50E2BCF21EB00439CD4 /* Products */,
			);
			sourceTree = "<group>";
		};
		FB96A50E2BCF21EB00439CD4 /* Products */ = {
			isa = PBXGroup;
			children = (
				FB96A50D2BCF21EB00439CD4 /* Pluvia.app */,
			);
			name = Products;
			sourceTree = "<group>";
		};
		FB96A50F2BCF21EB00439CD4 /* Pluvia */ = {
			isa = PBXGroup;
			children = (
				FB96A5292BCF229D00439CD4 /* Core */,
				FB96A5412BCF23BD00439CD4 /* Models */,
				FB96A54E2BCF254C00439CD4 /* Helpers */,
				FB96A5352BCF233400439CD4 /* Network */,
				FBAFB9CC2BD677EF00B49D02 /* Persistence */,
				FB96A5212BCF21EC00439CD4 /* Info.plist */,
				FB96A5192BCF21EB00439CD4 /* Pluvia.xcdatamodeld */,
				FBAFB9CF2BD67B8900B49D02 /* BarController.swift */,
				FB96A5482BCF245000439CD4 /* Locations */,
				FBC093282BD0318A00C8E4FA /* Favorites */,
				FB96A54D2BCF249600439CD4 /* Weather */,
			);
			path = Pluvia;
			sourceTree = "<group>";
		};
		FB96A5272BCF228E00439CD4 /* Delegates */ = {
			isa = PBXGroup;
			children = (
				FB96A5102BCF21EB00439CD4 /* AppDelegate.swift */,
				FB96A5122BCF21EB00439CD4 /* SceneDelegate.swift */,
			);
			path = Delegates;
			sourceTree = "<group>";
		};
		FB96A5282BCF229400439CD4 /* Assets */ = {
			isa = PBXGroup;
			children = (
				FB96A51C2BCF21EC00439CD4 /* Assets.xcassets */,
				FB96A51E2BCF21EC00439CD4 /* LaunchScreen.storyboard */,
			);
			path = Assets;
			sourceTree = "<group>";
		};
		FB96A5292BCF229D00439CD4 /* Core */ = {
			isa = PBXGroup;
			children = (
				FB96A5282BCF229400439CD4 /* Assets */,
				FB96A5272BCF228E00439CD4 /* Delegates */,
			);
			path = Core;
			sourceTree = "<group>";
		};
		FB96A52A2BCF22AF00439CD4 /* Extensions */ = {
			isa = PBXGroup;
			children = (
				FB96A52B2BCF22BB00439CD4 /* Constraints.swift */,
				FB96A52D2BCF22C000439CD4 /* Table.swift */,
				FB96A52F2BCF22C800439CD4 /* Collection.swift */,
				FB96A5312BCF22FE00439CD4 /* Publishers.swift */,
				FB29BC7E2BD56B7200C391DB /* String.swift */,
				FB96A5332BCF231200439CD4 /* Layout.swift */,
			);
			path = Extensions;
			sourceTree = "<group>";
		};
		FB96A5352BCF233400439CD4 /* Network */ = {
			isa = PBXGroup;
			children = (
				FB96A5362BCF234800439CD4 /* Types */,
				FB96A53D2BCF239700439CD4 /* APIService.swift */,
				FB96A53F2BCF23A800439CD4 /* APIClient.swift */,
			);
			path = Network;
			sourceTree = "<group>";
		};
		FB96A5362BCF234800439CD4 /* Types */ = {
			isa = PBXGroup;
			children = (
				FB96A5372BCF235300439CD4 /* APIError.swift */,
				FB96A5392BCF235B00439CD4 /* Endpoint.swift */,
				FB96A53B2BCF236400439CD4 /* HTTPMethod.swift */,
			);
			path = Types;
			sourceTree = "<group>";
		};
		FB96A5412BCF23BD00439CD4 /* Models */ = {
			isa = PBXGroup;
			children = (
				FB96A5422BCF23C700439CD4 /* Weather.swift */,
				FB96A5442BCF23DD00439CD4 /* Coordinates.swift */,
			);
			path = Models;
			sourceTree = "<group>";
		};
		FB96A5482BCF245000439CD4 /* Locations */ = {
			isa = PBXGroup;
			children = (
				FB96A5142BCF21EB00439CD4 /* LocationsView.swift */,
				FB96A5462BCF242300439CD4 /* LocationsViewModel.swift */,
				FB29BC762BD53B8A00C391DB /* Cell */,
			);
			path = Locations;
			sourceTree = "<group>";
		};
		FB96A54D2BCF249600439CD4 /* Weather */ = {
			isa = PBXGroup;
			children = (
				FB29BC792BD568CF00C391DB /* Cell */,
				FB96A5492BCF247100439CD4 /* WeatherView.swift */,
				FB96A54B2BCF248600439CD4 /* WeatherViewModel.swift */,
			);
			path = Weather;
			sourceTree = "<group>";
		};
		FB96A54E2BCF254C00439CD4 /* Helpers */ = {
			isa = PBXGroup;
			children = (
				FB96A52A2BCF22AF00439CD4 /* Extensions */,
				FB96A54F2BCF255600439CD4 /* Formatted.swift */,
				FBAFB9C82BD6559A00B49D02 /* Colors.swift */,
				FBA19DC02BDD879C0096A08A /* GenericTableController.swift */,
			);
			path = Helpers;
			sourceTree = "<group>";
		};
		FBAFB9CC2BD677EF00B49D02 /* Persistence */ = {
			isa = PBXGroup;
			children = (
				FBAFB9D12BD68FC600B49D02 /* Entities */,
				FBAFB9CA2BD677EB00B49D02 /* CoreDataManager.swift */,
				FBAFB9CD2BD6780500B49D02 /* CititesRepository.swift */,
			);
			path = Persistence;
			sourceTree = "<group>";
		};
		FBAFB9D12BD68FC600B49D02 /* Entities */ = {
			isa = PBXGroup;
			children = (
				FBAFB9D22BD68FF900B49D02 /* CDCity+CoreDataClass.swift */,
				FBAFB9D32BD68FF900B49D02 /* CDCity+CoreDataProperties.swift */,
			);
			path = Entities;
			sourceTree = "<group>";
		};
		FBC093282BD0318A00C8E4FA /* Favorites */ = {
			isa = PBXGroup;
			children = (
				FBC093292BD0319C00C8E4FA /* FavoritesView.swift */,
				FBC0932B2BD031A600C8E4FA /* FavoritesViewModel.swift */,
			);
			path = Favorites;
			sourceTree = "<group>";
		};
/* End PBXGroup section */

/* Begin PBXNativeTarget section */
		FB96A50C2BCF21EB00439CD4 /* Pluvia */ = {
			isa = PBXNativeTarget;
			buildConfigurationList = FB96A5242BCF21EC00439CD4 /* Build configuration list for PBXNativeTarget "Pluvia" */;
			buildPhases = (
				FB96A5092BCF21EB00439CD4 /* Sources */,
				FB96A50A2BCF21EB00439CD4 /* Frameworks */,
				FB96A50B2BCF21EB00439CD4 /* Resources */,
			);
			buildRules = (
			);
			dependencies = (
			);
			name = Pluvia;
			productName = Pluvia;
			productReference = FB96A50D2BCF21EB00439CD4 /* Pluvia.app */;
			productType = "com.apple.product-type.application";
		};
/* End PBXNativeTarget section */

/* Begin PBXProject section */
		FB96A5052BCF21EB00439CD4 /* Project object */ = {
			isa = PBXProject;
			attributes = {
				BuildIndependentTargetsInParallel = 1;
				LastSwiftUpdateCheck = 1500;
				LastUpgradeCheck = 1500;
				TargetAttributes = {
					FB96A50C2BCF21EB00439CD4 = {
						CreatedOnToolsVersion = 15.0.1;
					};
				};
			};
			buildConfigurationList = FB96A5082BCF21EB00439CD4 /* Build configuration list for PBXProject "Pluvia" */;
			compatibilityVersion = "Xcode 14.0";
			developmentRegion = en;
			hasScannedForEncodings = 0;
			knownRegions = (
				en,
				Base,
			);
			mainGroup = FB96A5042BCF21EB00439CD4;
			productRefGroup = FB96A50E2BCF21EB00439CD4 /* Products */;
			projectDirPath = "";
			projectRoot = "";
			targets = (
				FB96A50C2BCF21EB00439CD4 /* Pluvia */,
			);
		};
/* End PBXProject section */

/* Begin PBXResourcesBuildPhase section */
		FB96A50B2BCF21EB00439CD4 /* Resources */ = {
			isa = PBXResourcesBuildPhase;
			buildActionMask = 2147483647;
			files = (
				FB96A5202BCF21EC00439CD4 /* LaunchScreen.storyboard in Resources */,
				FB96A51D2BCF21EC00439CD4 /* Assets.xcassets in Resources */,
			);
			runOnlyForDeploymentPostprocessing = 0;
		};
/* End PBXResourcesBuildPhase section */

/* Begin PBXSourcesBuildPhase section */
		FB96A5092BCF21EB00439CD4 /* Sources */ = {
			isa = PBXSourcesBuildPhase;
			buildActionMask = 2147483647;
			files = (
				FB96A5502BCF255600439CD4 /* Formatted.swift in Sources */,
				FB96A52E2BCF22C000439CD4 /* Table.swift in Sources */,
				FB96A5402BCF23A800439CD4 /* APIClient.swift in Sources */,
				FB29BC7F2BD56B7200C391DB /* String.swift in Sources */,
				FB96A51B2BCF21EB00439CD4 /* Pluvia.xcdatamodeld in Sources */,
				FB96A5152BCF21EB00439CD4 /* LocationsView.swift in Sources */,
				FB96A5432BCF23C700439CD4 /* Weather.swift in Sources */,
				FB96A5382BCF235300439CD4 /* APIError.swift in Sources */,
				FB96A52C2BCF22BB00439CD4 /* Constraints.swift in Sources */,
				FB96A5472BCF242300439CD4 /* LocationsViewModel.swift in Sources */,
				FBAFB9CE2BD6780500B49D02 /* CititesRepository.swift in Sources */,
				FB96A5452BCF23DD00439CD4 /* Coordinates.swift in Sources */,
				FB29BC752BD534A300C391DB /* LocationsCell.swift in Sources */,
				FB29BC782BD53B9700C391DB /* LocationCellViewModel.swift in Sources */,
				FB96A5322BCF22FE00439CD4 /* Publishers.swift in Sources */,
				FBC0932A2BD0319C00C8E4FA /* FavoritesView.swift in Sources */,
				FBC0932C2BD031A600C8E4FA /* FavoritesViewModel.swift in Sources */,
				FB96A5342BCF231200439CD4 /* Layout.swift in Sources */,
				FBAFB9D52BD68FF900B49D02 /* CDCity+CoreDataProperties.swift in Sources */,
				FBAFB9C92BD6559A00B49D02 /* Colors.swift in Sources */,
				FB96A5112BCF21EB00439CD4 /* AppDelegate.swift in Sources */,
				FB96A53C2BCF236400439CD4 /* HTTPMethod.swift in Sources */,
				FB96A53E2BCF239700439CD4 /* APIService.swift in Sources */,
				FBAFB9D02BD67B8900B49D02 /* BarController.swift in Sources */,
				FBA19DC12BDD879C0096A08A /* GenericTableController.swift in Sources */,
				FB29BC7D2BD5694000C391DB /* WeatherCellViewModel.swift in Sources */,
				FB96A5302BCF22C800439CD4 /* Collection.swift in Sources */,
				FBAFB9D42BD68FF900B49D02 /* CDCity+CoreDataClass.swift in Sources */,
				FB96A54C2BCF248600439CD4 /* WeatherViewModel.swift in Sources */,
				FB96A54A2BCF247100439CD4 /* WeatherView.swift in Sources */,
				FBAFB9CB2BD677EB00B49D02 /* CoreDataManager.swift in Sources */,
				FB29BC7B2BD568DF00C391DB /* WeatherCell.swift in Sources */,
				FB96A53A2BCF235B00439CD4 /* Endpoint.swift in Sources */,
				FB96A5132BCF21EB00439CD4 /* SceneDelegate.swift in Sources */,
			);
			runOnlyForDeploymentPostprocessing = 0;
		};
/* End PBXSourcesBuildPhase section */

/* Begin PBXVariantGroup section */
		FB96A51E2BCF21EC00439CD4 /* LaunchScreen.storyboard */ = {
			isa = PBXVariantGroup;
			children = (
				FB96A51F2BCF21EC00439CD4 /* Base */,
			);
			name = LaunchScreen.storyboard;
			sourceTree = "<group>";
		};
/* End PBXVariantGroup section */

/* Begin XCBuildConfiguration section */
		FB96A5222BCF21EC00439CD4 /* Debug */ = {
			isa = XCBuildConfiguration;
			buildSettings = {
				ALWAYS_SEARCH_USER_PATHS = NO;
				ASSETCATALOG_COMPILER_GENERATE_SWIFT_ASSET_SYMBOL_EXTENSIONS = YES;
				CLANG_ANALYZER_NONNULL = YES;
				CLANG_ANALYZER_NUMBER_OBJECT_CONVERSION = YES_AGGRESSIVE;
				CLANG_CXX_LANGUAGE_STANDARD = "gnu++20";
				CLANG_ENABLE_MODULES = YES;
				CLANG_ENABLE_OBJC_ARC = YES;
				CLANG_ENABLE_OBJC_WEAK = YES;
				CLANG_WARN_BLOCK_CAPTURE_AUTORELEASING = YES;
				CLANG_WARN_BOOL_CONVERSION = YES;
				CLANG_WARN_COMMA = YES;
				CLANG_WARN_CONSTANT_CONVERSION = YES;
				CLANG_WARN_DEPRECATED_OBJC_IMPLEMENTATIONS = YES;
				CLANG_WARN_DIRECT_OBJC_ISA_USAGE = YES_ERROR;
				CLANG_WARN_DOCUMENTATION_COMMENTS = YES;
				CLANG_WARN_EMPTY_BODY = YES;
				CLANG_WARN_ENUM_CONVERSION = YES;
				CLANG_WARN_INFINITE_RECURSION = YES;
				CLANG_WARN_INT_CONVERSION = YES;
				CLANG_WARN_NON_LITERAL_NULL_CONVERSION = YES;
				CLANG_WARN_OBJC_IMPLICIT_RETAIN_SELF = YES;
				CLANG_WARN_OBJC_LITERAL_CONVERSION = YES;
				CLANG_WARN_OBJC_ROOT_CLASS = YES_ERROR;
				CLANG_WARN_QUOTED_INCLUDE_IN_FRAMEWORK_HEADER = YES;
				CLANG_WARN_RANGE_LOOP_ANALYSIS = YES;
				CLANG_WARN_STRICT_PROTOTYPES = YES;
				CLANG_WARN_SUSPICIOUS_MOVE = YES;
				CLANG_WARN_UNGUARDED_AVAILABILITY = YES_AGGRESSIVE;
				CLANG_WARN_UNREACHABLE_CODE = YES;
				CLANG_WARN__DUPLICATE_METHOD_MATCH = YES;
				COPY_PHASE_STRIP = NO;
				DEBUG_INFORMATION_FORMAT = dwarf;
				ENABLE_STRICT_OBJC_MSGSEND = YES;
				ENABLE_TESTABILITY = YES;
				ENABLE_USER_SCRIPT_SANDBOXING = YES;
				GCC_C_LANGUAGE_STANDARD = gnu17;
				GCC_DYNAMIC_NO_PIC = NO;
				GCC_NO_COMMON_BLOCKS = YES;
				GCC_OPTIMIZATION_LEVEL = 0;
				GCC_PREPROCESSOR_DEFINITIONS = (
					"DEBUG=1",
					"$(inherited)",
				);
				GCC_WARN_64_TO_32_BIT_CONVERSION = YES;
				GCC_WARN_ABOUT_RETURN_TYPE = YES_ERROR;
				GCC_WARN_UNDECLARED_SELECTOR = YES;
				GCC_WARN_UNINITIALIZED_AUTOS = YES_AGGRESSIVE;
				GCC_WARN_UNUSED_FUNCTION = YES;
				GCC_WARN_UNUSED_VARIABLE = YES;
				IPHONEOS_DEPLOYMENT_TARGET = 17.0;
				LOCALIZATION_PREFERS_STRING_CATALOGS = YES;
				MTL_ENABLE_DEBUG_INFO = INCLUDE_SOURCE;
				MTL_FAST_MATH = YES;
				ONLY_ACTIVE_ARCH = YES;
				SDKROOT = iphoneos;
				SWIFT_ACTIVE_COMPILATION_CONDITIONS = "DEBUG $(inherited)";
				SWIFT_OPTIMIZATION_LEVEL = "-Onone";
			};
			name = Debug;
		};
		FB96A5232BCF21EC00439CD4 /* Release */ = {
			isa = XCBuildConfiguration;
			buildSettings = {
				ALWAYS_SEARCH_USER_PATHS = NO;
				ASSETCATALOG_COMPILER_GENERATE_SWIFT_ASSET_SYMBOL_EXTENSIONS = YES;
				CLANG_ANALYZER_NONNULL = YES;
				CLANG_ANALYZER_NUMBER_OBJECT_CONVERSION = YES_AGGRESSIVE;
				CLANG_CXX_LANGUAGE_STANDARD = "gnu++20";
				CLANG_ENABLE_MODULES = YES;
				CLANG_ENABLE_OBJC_ARC = YES;
				CLANG_ENABLE_OBJC_WEAK = YES;
				CLANG_WARN_BLOCK_CAPTURE_AUTORELEASING = YES;
				CLANG_WARN_BOOL_CONVERSION = YES;
				CLANG_WARN_COMMA = YES;
				CLANG_WARN_CONSTANT_CONVERSION = YES;
				CLANG_WARN_DEPRECATED_OBJC_IMPLEMENTATIONS = YES;
				CLANG_WARN_DIRECT_OBJC_ISA_USAGE = YES_ERROR;
				CLANG_WARN_DOCUMENTATION_COMMENTS = YES;
				CLANG_WARN_EMPTY_BODY = YES;
				CLANG_WARN_ENUM_CONVERSION = YES;
				CLANG_WARN_INFINITE_RECURSION = YES;
				CLANG_WARN_INT_CONVERSION = YES;
				CLANG_WARN_NON_LITERAL_NULL_CONVERSION = YES;
				CLANG_WARN_OBJC_IMPLICIT_RETAIN_SELF = YES;
				CLANG_WARN_OBJC_LITERAL_CONVERSION = YES;
				CLANG_WARN_OBJC_ROOT_CLASS = YES_ERROR;
				CLANG_WARN_QUOTED_INCLUDE_IN_FRAMEWORK_HEADER = YES;
				CLANG_WARN_RANGE_LOOP_ANALYSIS = YES;
				CLANG_WARN_STRICT_PROTOTYPES = YES;
				CLANG_WARN_SUSPICIOUS_MOVE = YES;
				CLANG_WARN_UNGUARDED_AVAILABILITY = YES_AGGRESSIVE;
				CLANG_WARN_UNREACHABLE_CODE = YES;
				CLANG_WARN__DUPLICATE_METHOD_MATCH = YES;
				COPY_PHASE_STRIP = NO;
				DEBUG_INFORMATION_FORMAT = "dwarf-with-dsym";
				ENABLE_NS_ASSERTIONS = NO;
				ENABLE_STRICT_OBJC_MSGSEND = YES;
				ENABLE_USER_SCRIPT_SANDBOXING = YES;
				GCC_C_LANGUAGE_STANDARD = gnu17;
				GCC_NO_COMMON_BLOCKS = YES;
				GCC_WARN_64_TO_32_BIT_CONVERSION = YES;
				GCC_WARN_ABOUT_RETURN_TYPE = YES_ERROR;
				GCC_WARN_UNDECLARED_SELECTOR = YES;
				GCC_WARN_UNINITIALIZED_AUTOS = YES_AGGRESSIVE;
				GCC_WARN_UNUSED_FUNCTION = YES;
				GCC_WARN_UNUSED_VARIABLE = YES;
				IPHONEOS_DEPLOYMENT_TARGET = 17.0;
				LOCALIZATION_PREFERS_STRING_CATALOGS = YES;
				MTL_ENABLE_DEBUG_INFO = NO;
				MTL_FAST_MATH = YES;
				SDKROOT = iphoneos;
				SWIFT_COMPILATION_MODE = wholemodule;
				VALIDATE_PRODUCT = YES;
			};
			name = Release;
		};
		FB96A5252BCF21EC00439CD4 /* Debug */ = {
			isa = XCBuildConfiguration;
			buildSettings = {
				ASSETCATALOG_COMPILER_APPICON_NAME = AppIcon;
				ASSETCATALOG_COMPILER_GLOBAL_ACCENT_COLOR_NAME = AccentColor;
				CODE_SIGN_STYLE = Automatic;
				CURRENT_PROJECT_VERSION = 1;
				DEVELOPMENT_TEAM = SSF8WW5R8M;
				GENERATE_INFOPLIST_FILE = YES;
				INFOPLIST_FILE = Pluvia/Info.plist;
				INFOPLIST_KEY_UIApplicationSupportsIndirectInputEvents = YES;
				INFOPLIST_KEY_UILaunchStoryboardName = LaunchScreen;
				INFOPLIST_KEY_UISupportedInterfaceOrientations = UIInterfaceOrientationPortrait;
				INFOPLIST_KEY_UISupportedInterfaceOrientations_iPad = "UIInterfaceOrientationLandscapeLeft UIInterfaceOrientationLandscapeRight UIInterfaceOrientationPortrait UIInterfaceOrientationPortraitUpsideDown";
				LD_RUNPATH_SEARCH_PATHS = (
					"$(inherited)",
					"@executable_path/Frameworks",
				);
				MARKETING_VERSION = 1.0;
				PRODUCT_BUNDLE_IDENTIFIER = personal.Pluvia;
				PRODUCT_NAME = "$(TARGET_NAME)";
				SUPPORTED_PLATFORMS = "iphoneos iphonesimulator";
				SUPPORTS_MACCATALYST = NO;
				SUPPORTS_MAC_DESIGNED_FOR_IPHONE_IPAD = NO;
				SWIFT_EMIT_LOC_STRINGS = YES;
				SWIFT_VERSION = 5.0;
				TARGETED_DEVICE_FAMILY = 1;
			};
			name = Debug;
		};
		FB96A5262BCF21EC00439CD4 /* Release */ = {
			isa = XCBuildConfiguration;
			buildSettings = {
				ASSETCATALOG_COMPILER_APPICON_NAME = AppIcon;
				ASSETCATALOG_COMPILER_GLOBAL_ACCENT_COLOR_NAME = AccentColor;
				CODE_SIGN_STYLE = Automatic;
				CURRENT_PROJECT_VERSION = 1;
				DEVELOPMENT_TEAM = SSF8WW5R8M;
				GENERATE_INFOPLIST_FILE = YES;
				INFOPLIST_FILE = Pluvia/Info.plist;
				INFOPLIST_KEY_UIApplicationSupportsIndirectInputEvents = YES;
				INFOPLIST_KEY_UILaunchStoryboardName = LaunchScreen;
				INFOPLIST_KEY_UISupportedInterfaceOrientations = UIInterfaceOrientationPortrait;
				INFOPLIST_KEY_UISupportedInterfaceOrientations_iPad = "UIInterfaceOrientationLandscapeLeft UIInterfaceOrientationLandscapeRight UIInterfaceOrientationPortrait UIInterfaceOrientationPortraitUpsideDown";
				LD_RUNPATH_SEARCH_PATHS = (
					"$(inherited)",
					"@executable_path/Frameworks",
				);
				MARKETING_VERSION = 1.0;
				PRODUCT_BUNDLE_IDENTIFIER = personal.Pluvia;
				PRODUCT_NAME = "$(TARGET_NAME)";
				SUPPORTED_PLATFORMS = "iphoneos iphonesimulator";
				SUPPORTS_MACCATALYST = NO;
				SUPPORTS_MAC_DESIGNED_FOR_IPHONE_IPAD = NO;
				SWIFT_EMIT_LOC_STRINGS = YES;
				SWIFT_VERSION = 5.0;
				TARGETED_DEVICE_FAMILY = 1;
			};
			name = Release;
		};
/* End XCBuildConfiguration section */

/* Begin XCConfigurationList section */
		FB96A5082BCF21EB00439CD4 /* Build configuration list for PBXProject "Pluvia" */ = {
			isa = XCConfigurationList;
			buildConfigurations = (
				FB96A5222BCF21EC00439CD4 /* Debug */,
				FB96A5232BCF21EC00439CD4 /* Release */,
			);
			defaultConfigurationIsVisible = 0;
			defaultConfigurationName = Release;
		};
		FB96A5242BCF21EC00439CD4 /* Build configuration list for PBXNativeTarget "Pluvia" */ = {
			isa = XCConfigurationList;
			buildConfigurations = (
				FB96A5252BCF21EC00439CD4 /* Debug */,
				FB96A5262BCF21EC00439CD4 /* Release */,
			);
			defaultConfigurationIsVisible = 0;
			defaultConfigurationName = Release;
		};
/* End XCConfigurationList section */

/* Begin XCVersionGroup section */
		FB96A5192BCF21EB00439CD4 /* Pluvia.xcdatamodeld */ = {
			isa = XCVersionGroup;
			children = (
				FB96A51A2BCF21EB00439CD4 /* Pluvia.xcdatamodel */,
			);
			currentVersion = FB96A51A2BCF21EB00439CD4 /* Pluvia.xcdatamodel */;
			path = Pluvia.xcdatamodeld;
			sourceTree = "<group>";
			versionGroupType = wrapper.xcdatamodel;
		};
/* End XCVersionGroup section */
	};
	rootObject = FB96A5052BCF21EB00439CD4 /* Project object */;
}
